schema: '2.0'
stages:
  download-images:
    cmd: python scripts/download-images.py datasets/watch-faces.json --concurrent
    deps:
    - path: datasets/watch-faces.json
      md5: 14510961fc2bed7275d4f63169c0171a
      size: 1765710
    - path: scripts/download-images.py
      md5: a037cfab1a482a356f1d7d62804041d3
      size: 3961
    outs:
    - path: datasets/test
      md5: c3b9fc1ebd7a05cbf2dfe0c54f2fe397.dir
      size: 18869343
      nfiles: 55
    - path: datasets/train
      md5: e30af68ca2dd21a74f89ef92025bd889.dir
      size: 193665906
      nfiles: 588
    - path: datasets/val
      md5: c2e5983ceddfc4ca034e7992c059f2fd.dir
      size: 20206227
      nfiles: 42
    - path: datasets/watch-faces-local.json
      md5: add063aad322a28056d9757d8cda4c4b
      size: 1750001
  train-detector:
    cmd: python watch_recognition/watch_recognition/train/object_detection_tf_model_garden.py
      "train-configs/tf-model-garden/watch-face-detector/" --seed 42
    deps:
    - path: datasets/tf-records/object-detection/watch-faces/
      md5: 57ae823e7912f99fff63d745a718531f.dir
      size: 208880942
      nfiles: 4
    - path: train-configs/tf-model-garden/watch-face-detector/retinanet_task.yaml
      md5: 3f7da87dcf9edbdfe8506c88a37ec3ef
      size: 4015
    - path: train-configs/tf-model-garden/watch-face-detector/runtime.yaml
      md5: 16ca08027c0ae3a7562a91f1b30e9b40
      size: 407
    - path: train-configs/tf-model-garden/watch-face-detector/trainer.yaml
      md5: 7299109522324023bf6924fa3b0db717
      size: 845
    params:
      params.yaml:
        detector:
          epochs: 100
          batch-size: 1
          confidence-threshold: 0.5
          label_to_cls:
            WatchFace: 1
        seed: 42
    outs:
    - path: debug/detector/
      md5: 24ecba94f37e02d7646296b609cda924.dir
      size: 261746
      nfiles: 1
    - path: models/detector/
      md5: d7a859cba3e5ec25d6c97a097ebfa49c.dir
      size: 387750990
      nfiles: 5
  eval-detector:
    cmd: python watch_recognition/watch_recognition/eval/object_detection_eval.py
    deps:
    - path: datasets/test
      md5: 0aeb029db40e49068d63308665810b57.dir
      size: 18701099
      nfiles: 54
    - path: datasets/train
      md5: 9c414afa46808b376366ae8e0ff3c786.dir
      size: 170152358
      nfiles: 481
    - path: datasets/val
      md5: 1ab506f4b22a797ed4afeaf195c51466.dir
      size: 19774777
      nfiles: 40
    - path: exported_models/detector/serving/
      md5: d518dd3a5e6dcf1aad1a385825bb1547.dir
      size: 135354711
      nfiles: 8
    outs:
    - path: example_predictions/detector/train_0.jpg
      md5: d8ebb095ef177b6cab208c01a4901948
      size: 20782
    - path: example_predictions/detector/train_1.jpg
      md5: b46f9b7bf9ac87c4760cff79109905ce
      size: 19280
    - path: example_predictions/detector/train_2.jpg
      md5: d3cd38c3a514c08e08bbce79b8b08dc0
      size: 16609
    - path: example_predictions/detector/val_0.jpg
      md5: 68f89de0410968e96e341455acaff312
      size: 12091
    - path: example_predictions/detector/val_1.jpg
      md5: 18e53db2a3e78edcb56b2dbb84e78835
      size: 26039
    - path: example_predictions/detector/val_2.jpg
      md5: 177c837e96904364ada47f795143f371
      size: 18974
    - path: metrics/detector/train/PR-IoU@0.50.tsv
      md5: 0a03b90fbe5c2c655fdcdedbed0b6806
      size: 2261
    - path: metrics/detector/train/PR-IoU@0.75.tsv
      md5: 3bc9a378d7836f268f1696c0e3d6afe7
      size: 2254
    - path: metrics/detector/train/PR-IoU@0.95.tsv
      md5: bbe709864a8084ffb5c8deed98975353
      size: 1803
    - path: metrics/detector/train/coco.json
      md5: 85eba66564c9ef9ce743b2743b08dc22
      size: 285
    - path: metrics/detector/train/detection.json
      md5: 7a86adee5f19660fbecec8b766cff323
      size: 135
    - path: metrics/detector/val/PR-IoU@0.50.tsv
      md5: cf8e799ca26654fe29a9875db8a44684
      size: 2006
    - path: metrics/detector/val/PR-IoU@0.75.tsv
      md5: 22fe23061ea06f60bb80b7a647a572e3
      size: 1446
    - path: metrics/detector/val/PR-IoU@0.95.tsv
      md5: 765da750316116833188323b2d88731a
      size: 1119
    - path: metrics/detector/val/coco.json
      md5: 1d68734c2141ac348975a8d652fc8c00
      size: 286
    - path: metrics/detector/val/detection.json
      md5: 5bb133c7c59b40f676c0397e96f0bc80
      size: 134
  update-metrics:
    cmd: python scripts/update-metrics-table-and-graph.py
    deps:
    - path: metrics
      md5: 0f0aa73552c12aed88a9fcd7d9600bd1.dir
      size: 476006
      nfiles: 43
    - path: scripts/update-metrics-table-and-graph.py
      md5: b6166e699fc2111731ce9ebed407e806
      size: 2108
  train-keypoint:
    cmd: python watch_recognition/watch_recognition/train/heatmap_regression_task.py
      --epochs 100 --batch-size 32 --confidence-threshold 0.5 --seed 42
    deps:
    - path: datasets/test
      md5: 0aeb029db40e49068d63308665810b57.dir
      size: 18701099
      nfiles: 54
    - path: datasets/train
      md5: 9c414afa46808b376366ae8e0ff3c786.dir
      size: 170152358
      nfiles: 481
    - path: datasets/val
      md5: 1ab506f4b22a797ed4afeaf195c51466.dir
      size: 19774777
      nfiles: 40
    - path: datasets/watch-faces-local.json
      md5: ddb1e52cb640b1af3e8ba6c7c85c943a
      size: 1744824
    - path: watch_recognition/watch_recognition/train/heatmap_regression_task.py
      md5: f6a86273f89a38a8abdb8575ec154e9d
      size: 8953
    params:
      params.yaml:
        keypoint:
          epochs: 100
          batch-size: 32
          confidence-threshold: 0.5
          label_to_cls:
            Top: 0
            Center: 1
            Crown: 2
          disk_radius: 5
        max_images:
        seed: 42
    outs:
    - path: debug/keypoint/
      md5: 2ac270cd02a60722351bada220d03d8c.dir
      size: 399737
      nfiles: 2
    - path: example_predictions/keypoint/test-image-2.jpg
      md5: 89d44b8cb435b07ac4634e13eaa00860
      size: 66334
    - path: metrics/keypoint/metrics.json
      md5: c479e42ab5fdf1aa00041a9ea746728e
      size: 214
    - path: metrics/keypoint/plots/
      md5: c6572a9c857b01e34dc8b7b1bc49ff3c.dir
      size: 8908
      nfiles: 4
    - path: models/keypoint/
      md5: 4a34792d0d5209c621c38464f1614818.dir
      size: 35988621
      nfiles: 6
  eval-keypoint:
    cmd: python watch_recognition/watch_recognition/eval/keypoint_detection_eval.py
      --kp-confidence-threshold 0.5
    deps:
    - path: models/detector/
      md5: 1fab3506112358531d4e67f67318d577.dir
      size: 432232708
      nfiles: 5
    - path: models/keypoint/
      md5: 61e3f9286fc1eb9530e2878629990abc.dir
      size: 35964730
      nfiles: 6
    - path: watch_recognition/watch_recognition/eval/keypoint_detection_eval.py
      md5: 7aee96c16f50bc522e62bc9138f49247
      size: 6302
    outs:
    - path: example_predictions/keypoint/train_0.jpg
      md5: 065902c4224d6e4ded2ffd5eb1c5fb2d
      size: 25458
    - path: example_predictions/keypoint/train_1.jpg
      md5: 87be1633d4e2629e598184dbafd5dc90
      size: 21951
    - path: example_predictions/keypoint/train_2.jpg
      md5: f092b0e3656b1527980d3f5ee4472c4a
      size: 42166
    - path: example_predictions/keypoint/train_3.jpg
      md5: b0e9da65d6eb0f0d881d395ab00daae6
      size: 38041
    - path: example_predictions/keypoint/train_4.jpg
      md5: 6ec1e284d155bb0795063726e8ef81af
      size: 37605
    - path: example_predictions/keypoint/val_0.jpg
      md5: f4233d485b75ab4fa2c6ddf7b09af9d7
      size: 53245
    - path: example_predictions/keypoint/val_1.jpg
      md5: f3872f5c07a702cfd6667dc2d399fc21
      size: 60953
    - path: example_predictions/keypoint/val_2.jpg
      md5: e688033fb3d853f1812251060dca598b
      size: 48369
    - path: example_predictions/keypoint/val_3.jpg
      md5: 571341fd9f985c0e7be89ea985e9fe93
      size: 57673
    - path: example_predictions/keypoint/val_4.jpg
      md5: 3ede96a954d7b20bb21a9a9f2a4d8621
      size: 51549
    - path: metrics/keypoint/coco_train.json
      md5: 4c4fdf89b72a329b4e0b47985bf12a9e
      size: 260
    - path: metrics/keypoint/coco_val.json
      md5: fad55e8d91734f2d590a026e55746447
      size: 248
  train-segmentation:
    cmd: python watch_recognition/watch_recognition/train/segmentation_task.py --epochs
      150 --batch-size 32 --confidence-threshold 0.5 --seed 42
    deps:
    - path: datasets/test
      md5: 0aeb029db40e49068d63308665810b57.dir
      size: 18701099
      nfiles: 54
    - path: datasets/train
      md5: 9c414afa46808b376366ae8e0ff3c786.dir
      size: 170152358
      nfiles: 481
    - path: datasets/val
      md5: 1ab506f4b22a797ed4afeaf195c51466.dir
      size: 19774777
      nfiles: 40
    - path: datasets/watch-faces-local.json
      md5: ddb1e52cb640b1af3e8ba6c7c85c943a
      size: 1744824
    - path: watch_recognition/watch_recognition/train/segmentation_task.py
      md5: af4c58046894343dd442a39bbfbd6411
      size: 9265
    params:
      params.yaml:
        seed: 42
        segmentation:
          epochs: 150
          batch-size: 32
          confidence-threshold: 0.5
          label_to_cls:
            Hands: 0
          bbox_labels:
          - WatchFace
    outs:
    - path: debug/segmentation/
      md5: 78f6047cbb06c4e7889f881f7143064d.dir
      size: 761590
      nfiles: 4
    - path: example_predictions/segmentation/test-image-2.jpg
      md5: 44fc2994fb44e280363c023622c24163
      size: 64278
    - path: metrics/segmentation/metrics.json
      md5: ed15dc7ca524e01ef350507b0f8cda43
      size: 215
    - path: metrics/segmentation/plots/
      md5: e0203589dc6763f0c85af5d7f2eee974.dir
      size: 13572
      nfiles: 4
    - path: models/segmentation/
      md5: 986e39bc0071d95599ee1918c760865c.dir
      size: 35949342
      nfiles: 5
  eval-end-2-end:
    cmd: python watch_recognition/watch_recognition/eval/end_to_end_eval.py --run-concurrently
      --split=val
    deps:
    - path: datasets/watch-faces-local.json
      md5: b70283f3027b17d5c33f72fe0685e3a5
      size: 1573168
    - path: models/detector
      md5: 1fab3506112358531d4e67f67318d577.dir
      size: 432232708
      nfiles: 5
    - path: models/keypoint
      md5: 61e3f9286fc1eb9530e2878629990abc.dir
      size: 35964730
      nfiles: 6
    - path: models/segmentation
      md5: e603288dbbd9abdd9725e917d2b4ff50.dir
      size: 35949358
      nfiles: 5
    - path: watch_recognition/watch_recognition/eval/end_to_end_eval.py
      md5: c48df0afed288ec1b487fc2088b43b86
      size: 8652
    outs:
    - path: metrics/end_2_end_eval.csv
      md5: 760a2cbeead50d05ac8874d97761747a
      size: 5955
    - path: metrics/end_2_end_summary.json
      md5: efa5cc3780b031a247ae9dc26e7daa39
      size: 132
  eval-segmentation:
    cmd: python watch_recognition/watch_recognition/eval/segmentation_eval.py --confidence-threshold
      0.5
    deps:
    - path: models/detector/
      md5: c4ac10282d0de69b98c3d761036bb86a.dir
      size: 1427658959
      nfiles: 18
    - path: models/segmentation/
      md5: 986e39bc0071d95599ee1918c760865c.dir
      size: 35949342
      nfiles: 5
    - path: watch_recognition/watch_recognition/eval/segmentation_eval.py
      md5: bd04e7ffd7d9d64e4258c38f704171d9
      size: 3342
    outs:
    - path: example_predictions/segmentation/train_0.jpg
      md5: 95e5b350ac207e3e577a162d52342736
      size: 32390
    - path: example_predictions/segmentation/train_1.jpg
      md5: 5aac5474b3aa20d54dff0e164799248a
      size: 45347
    - path: example_predictions/segmentation/train_2.jpg
      md5: 806587e18fe1e996c859115c119c3d60
      size: 33351
    - path: example_predictions/segmentation/train_3.jpg
      md5: 240f88c937e53319fa7ded3cc020fd66
      size: 37194
    - path: example_predictions/segmentation/train_4.jpg
      md5: 731db63f31e1151de671413f8a50dcb7
      size: 42616
    - path: example_predictions/segmentation/val_0.jpg
      md5: a8b32c9a77b262f766253bc28275a2aa
      size: 44631
    - path: example_predictions/segmentation/val_1.jpg
      md5: 31f47e2b4b712aaf3becf2a8c5ed6303
      size: 56784
    - path: example_predictions/segmentation/val_2.jpg
      md5: 51d856ab51eaf02d863df7af25c1bc8c
      size: 42611
    - path: example_predictions/segmentation/val_3.jpg
      md5: 9f56190150349dd382695b641db57049
      size: 52859
    - path: example_predictions/segmentation/val_4.jpg
      md5: 5160229796dbe2b20b96c4579661bf1a
      size: 48967
  generate-detection-dataset:
    cmd: python watch_recognition/watch_recognition/datasets/generate_detection_tf_records.py  datasets/watch-faces-local.json  datasets/tf-records/object-detection/watch-faces/  --num-shards=1
      --run-concurrently
    deps:
    - path: datasets/test
      md5: c3b9fc1ebd7a05cbf2dfe0c54f2fe397.dir
      size: 18869343
      nfiles: 55
    - path: datasets/train
      md5: e30af68ca2dd21a74f89ef92025bd889.dir
      size: 193665906
      nfiles: 588
    - path: datasets/val
      md5: c2e5983ceddfc4ca034e7992c059f2fd.dir
      size: 20206227
      nfiles: 42
    - path: datasets/watch-faces-local.json
      md5: add063aad322a28056d9757d8cda4c4b
      size: 1750001
    params:
      params.yaml:
        detector.label_to_cls:
          WatchFace: 1
    outs:
    - path: datasets/tf-records/object-detection/watch-faces/watch-faces-test-00001-of-00001.tfrecord
      md5: a42e28e9d926efa0f58135807ba6fc49
      size: 18894906
    - path: datasets/tf-records/object-detection/watch-faces/watch-faces-train-00001-of-00001.tfrecord
      md5: c23f1ef67c94c434e8fb06d92c38e29a
      size: 193908620
    - path: datasets/tf-records/object-detection/watch-faces/watch-faces-val-00001-of-00001.tfrecord
      md5: a3fef63dfc62fba8bea844c2ca5b7cc8
      size: 20220589
  generate-watch-hands-dataset:
    cmd: python watch_recognition/watch_recognition/datasets/generate_segmentation_tf_records.py
      datasets/watch-faces-local.json  datasets/tf-records/segmentation/watch-hands/  --num-shards=1
      --run-concurrently
    deps:
    - path: datasets/test
      md5: 0aeb029db40e49068d63308665810b57.dir
      size: 18701099
      nfiles: 54
    - path: datasets/val
      md5: 1ab506f4b22a797ed4afeaf195c51466.dir
      size: 19774777
      nfiles: 40
    - path: datasets/watch-faces-local.json
      md5: ddb1e52cb640b1af3e8ba6c7c85c943a
      size: 1744824
    params:
      params.yaml:
        segmentation.bbox_labels:
        - WatchFace
        segmentation.label_to_cls:
          Hands: 1
    outs:
    - path: datasets/tf-records/segmentation/watch-hands/watch-hands-train-00001-of-00001.tfrecord
      md5: 2a101ccdbac32084074ed1dea1f0da4b
      size: 26611279
    - path: datasets/tf-records/segmentation/watch-hands/watch-hands-val-00001-of-00001.tfrecord
      md5: a0e242785798e143ed2c1cb8ea08812a
      size: 2716719
  export-detector:
    cmd: python watch_recognition/watch_recognition/export/export_retinanet.py models/detector/
    deps:
    - path: datasets/tf-records/object-detection/watch-faces/watch-faces-train-00001-of-00001.tfrecord
      md5: 4544fc968858586e64d11f00fe228cbd
      size: 170365240
    - path: models/detector/
      md5: d7a859cba3e5ec25d6c97a097ebfa49c.dir
      size: 387750990
      nfiles: 5
    - path: train-configs/tf-model-garden/watch-face-detector/retinanet_task.yaml
      md5: 3f7da87dcf9edbdfe8506c88a37ec3ef
      size: 4015
    - path: train-configs/tf-model-garden/watch-face-detector/runtime.yaml
      md5: 16ca08027c0ae3a7562a91f1b30e9b40
      size: 407
    - path: train-configs/tf-model-garden/watch-face-detector/trainer.yaml
      md5: 7299109522324023bf6924fa3b0db717
      size: 845
    outs:
    - path: example_predictions/detector/IMG_0040.jpg
      md5: 92765c5a527ddf48b53e7f86e4bfb4c7
      size: 94670
    - path: exported_models/detector/lite16/assets.extra/tf_serving_warmup_requests
      md5: 24222ef7eef001a3091f660558c826ac
      size: 786517
    - path: exported_models/detector/lite16/model.tflite
      md5: 5c95fba0ec35288cdc096a48b96a2b9a
      size: 65310724
    - path: exported_models/detector/lite8/assets.extra/tf_serving_warmup_requests
      md5: 24222ef7eef001a3091f660558c826ac
      size: 786517
    - path: exported_models/detector/lite8/model.tflite
      md5: 78fad4ce574b6e6247ff8806674c381e
      size: 102501816
    - path: exported_models/detector/serving/assets.extra/tf_serving_warmup_requests
      md5: 783b65cb6c06d334aaf972183d2c4409
      size: 11520090
    - path: exported_models/detector/serving/fingerprint.pb
      md5: c94ed3a8ca4d44ccaf9c01e323f40b94
      size: 56
    - path: exported_models/detector/serving/saved_model.pb
      md5: 0f699ddf36365f4869342f7e70f30b93
      size: 5782323
    - path: exported_models/detector/serving/variables/variables.data-00000-of-00001
      md5: ece29cc2d890441be516ba260f2bf3db
      size: 129544413
    - path: exported_models/detector/serving/variables/variables.index
      md5: ff072465b213b2d397ae980da2e35f97
      size: 27803
